
Microsoft Visual Studio Solution File, Format Version 12.00
# Visual Studio 15
Project("{FAE04EC0-301F-11D3-BF4B-00C04F79EFBC}") = "Assembly-CSharp", "Assembly-CSharp.csproj", "{B3B0D60B-0550-0E3B-F44E-1C79101C5D54}"
EndProject
Project("{FAE04EC0-301F-11D3-BF4B-00C04F79EFBC}") = "Assembly-CSharp-firstpass", "Assembly-CSharp-firstpass.csproj", "{4D02E687-D622-47EE-F601-8D473942CC23}"
EndProject
Project("{FAE04EC0-301F-11D3-BF4B-00C04F79EFBC}") = "Assembly-CSharp-Editor", "Assembly-CSharp-Editor.csproj", "{F75131C3-2056-1E98-C335-C2761D6EE70B}"
EndProject
Project("{FAE04EC0-301F-11D3-BF4B-00C04F79EFBC}") = "Assembly-CSharp-Editor-firstpass", "Assembly-CSharp-Editor-firstpass.csproj", "{8D953ED9-0A97-15ED-620D-1278BFAD7B0C}"
EndProject
Global
	GlobalSection(SolutionConfigurationPlatforms) = preSolution
		Debug|Any CPU = Debug|Any CPU
		Release|Any CPU = Release|Any CPU
	EndGlobalSection
	GlobalSection(ProjectConfigurationPlatforms) = postSolution
		{B3B0D60B-0550-0E3B-F44E-1C79101C5D54}.Debug|Any CPU.ActiveCfg = Debug|Any CPU
		{B3B0D60B-0550-0E3B-F44E-1C79101C5D54}.Debug|Any CPU.Build.0 = Debug|Any CPU
		{B3B0D60B-0550-0E3B-F44E-1C79101C5D54}.Release|Any CPU.ActiveCfg = Release|Any CPU
		{B3B0D60B-0550-0E3B-F44E-1C79101C5D54}.Release|Any CPU.Build.0 = Release|Any CPU
		{4D02E687-D622-47EE-F601-8D473942CC23}.Debug|Any CPU.ActiveCfg = Debug|Any CPU
		{4D02E687-D622-47EE-F601-8D473942CC23}.Debug|Any CPU.Build.0 = Debug|Any CPU
		{4D02E687-D622-47EE-F601-8D473942CC23}.Release|Any CPU.ActiveCfg = Release|Any CPU
		{4D02E687-D622-47EE-F601-8D473942CC23}.Release|Any CPU.Build.0 = Release|Any CPU
		{F75131C3-2056-1E98-C335-C2761D6EE70B}.Debug|Any CPU.ActiveCfg = Debug|Any CPU
		{F75131C3-2056-1E98-C335-C2761D6EE70B}.Debug|Any CPU.Build.0 = Debug|Any CPU
		{F75131C3-2056-1E98-C335-C2761D6EE70B}.Release|Any CPU.ActiveCfg = Release|Any CPU
		{F75131C3-2056-1E98-C335-C2761D6EE70B}.Release|Any CPU.Build.0 = Release|Any CPU
		{8D953ED9-0A97-15ED-620D-1278BFAD7B0C}.Debug|Any CPU.ActiveCfg = Debug|Any CPU
		{8D953ED9-0A97-15ED-620D-1278BFAD7B0C}.Debug|Any CPU.Build.0 = Debug|Any CPU
		{8D953ED9-0A97-15ED-620D-1278BFAD7B0C}.Release|Any CPU.ActiveCfg = Release|Any CPU
		{8D953ED9-0A97-15ED-620D-1278BFAD7B0C}.Release|Any CPU.Build.0 = Release|Any CPU
	EndGlobalSection
	GlobalSection(SolutionProperties) = preSolution
		HideSolutionNode = FALSE
	EndGlobalSection
EndGlobal
